PODS:
  - AppAuth (1.3.0):
    - AppAuth/Core (= 1.3.0)
    - AppAuth/ExternalUserAgent (= 1.3.0)
  - AppAuth/Core (1.3.0)
  - AppAuth/ExternalUserAgent (1.3.0)
  - Crashlytics (3.14.0):
    - Fabric (~> 1.10.2)
  - Fabric (1.10.2)
  - Firebase/AdMob (6.15.0):
    - Firebase/CoreOnly
    - Google-Mobile-Ads-SDK (~> 7.50)
  - Firebase/Auth (6.15.0):
    - Firebase/CoreOnly
    - FirebaseAuth (~> 6.4.2)
  - Firebase/Core (6.15.0):
    - Firebase/CoreOnly
    - FirebaseAnalytics (= 6.2.1)
  - Firebase/CoreOnly (6.15.0):
    - FirebaseCore (= 6.6.0)
  - Firebase/Database (6.15.0):
    - Firebase/CoreOnly
    - FirebaseDatabase (~> 6.1.4)
  - Firebase/DynamicLinks (6.15.0):
    - Firebase/CoreOnly
    - FirebaseDynamicLinks (~> 4.0.6)
  - Firebase/InAppMessagingDisplay (6.15.0):
    - Firebase/CoreOnly
    - FirebaseInAppMessagingDisplay (~> 0.15.5)
  - Firebase/RemoteConfig (6.15.0):
    - Firebase/CoreOnly
    - FirebaseRemoteConfig (~> 4.4.6)
  - Firebase/Storage (6.15.0):
    - Firebase/CoreOnly
    - FirebaseStorage (~> 3.5.0)
  - FirebaseABTesting (3.1.2):
    - FirebaseAnalyticsInterop (~> 1.3)
    - FirebaseCore (~> 6.1)
    - Protobuf (>= 3.9.2, ~> 3.9)
  - FirebaseAnalytics (6.2.1):
    - FirebaseCore (~> 6.6)
    - FirebaseInstanceID (~> 4.3)
    - GoogleAppMeasurement (= 6.2.1)
    - GoogleUtilities/AppDelegateSwizzler (~> 6.0)
    - GoogleUtilities/MethodSwizzler (~> 6.0)
    - GoogleUtilities/Network (~> 6.0)
    - "GoogleUtilities/NSData+zlib (~> 6.0)"
    - nanopb (= 0.3.9011)
  - FirebaseAnalyticsInterop (1.5.0)
  - FirebaseAuth (6.4.3):
    - FirebaseAuthInterop (~> 1.0)
    - FirebaseCore (~> 6.6)
    - GoogleUtilities/AppDelegateSwizzler (~> 6.5)
    - GoogleUtilities/Environment (~> 6.5)
    - GTMSessionFetcher/Core (~> 1.1)
  - FirebaseAuthInterop (1.0.0)
  - FirebaseCore (6.6.0):
    - FirebaseCoreDiagnostics (~> 1.2)
    - FirebaseCoreDiagnosticsInterop (~> 1.2)
    - GoogleUtilities/Environment (~> 6.5)
    - GoogleUtilities/Logger (~> 6.5)
  - FirebaseCoreDiagnostics (1.2.0):
    - FirebaseCoreDiagnosticsInterop (~> 1.2)
    - GoogleDataTransportCCTSupport (~> 1.3)
    - GoogleUtilities/Environment (~> 6.5)
    - GoogleUtilities/Logger (~> 6.5)
    - nanopb (~> 0.3.901)
  - FirebaseCoreDiagnosticsInterop (1.2.0)
  - FirebaseDatabase (6.1.4):
    - FirebaseAuthInterop (~> 1.0)
    - FirebaseCore (~> 6.0)
    - leveldb-library (~> 1.22)
  - FirebaseDynamicLinks (4.0.7):
    - FirebaseAnalyticsInterop (~> 1.3)
    - FirebaseCore (~> 6.2)
  - FirebaseInAppMessaging (0.16.0):
    - FirebaseAnalyticsInterop (~> 1.3)
    - FirebaseCore (~> 6.2)
    - FirebaseInstanceID (~> 4.0)
    - GoogleDataTransportCCTSupport (~> 1.0)
  - FirebaseInAppMessagingDisplay (0.15.5):
    - FirebaseCore (~> 6.2)
    - FirebaseInAppMessaging (>= 0.15.0)
  - FirebaseInstallations (1.1.0):
    - FirebaseCore (~> 6.6)
    - GoogleUtilities/UserDefaults (~> 6.5)
    - PromisesObjC (~> 1.2)
  - FirebaseInstanceID (4.3.1):
    - FirebaseCore (~> 6.6)
    - FirebaseInstallations (~> 1.0)
    - GoogleUtilities/Environment (~> 6.5)
    - GoogleUtilities/UserDefaults (~> 6.5)
  - FirebaseRemoteConfig (4.4.7):
    - FirebaseABTesting (~> 3.1)
    - FirebaseAnalyticsInterop (~> 1.4)
    - FirebaseCore (~> 6.2)
    - FirebaseInstanceID (~> 4.2)
    - GoogleUtilities/Environment (~> 6.2)
    - "GoogleUtilities/NSData+zlib (~> 6.2)"
    - Protobuf (>= 3.9.2, ~> 3.9)
  - FirebaseStorage (3.5.0):
    - FirebaseAuthInterop (~> 1.0)
    - FirebaseCore (~> 6.0)
    - GTMSessionFetcher/Core (~> 1.1)
  - Google-Mobile-Ads-SDK (7.55.0):
    - GoogleAppMeasurement (~> 6.0)
  - GoogleAppMeasurement (6.2.1):
    - GoogleUtilities/AppDelegateSwizzler (~> 6.0)
    - GoogleUtilities/MethodSwizzler (~> 6.0)
    - GoogleUtilities/Network (~> 6.0)
    - "GoogleUtilities/NSData+zlib (~> 6.0)"
    - nanopb (= 0.3.9011)
  - GoogleDataTransport (4.0.0)
  - GoogleDataTransportCCTSupport (1.4.0):
    - GoogleDataTransport (~> 4.0)
    - nanopb (~> 0.3.901)
  - GoogleSignIn (5.0.2):
    - AppAuth (~> 1.2)
    - GTMAppAuth (~> 1.0)
    - GTMSessionFetcher/Core (~> 1.1)
  - GoogleUtilities/AppDelegateSwizzler (6.5.1):
    - GoogleUtilities/Environment
    - GoogleUtilities/Logger
    - GoogleUtilities/Network
  - GoogleUtilities/Environment (6.5.1)
  - GoogleUtilities/Logger (6.5.1):
    - GoogleUtilities/Environment
  - GoogleUtilities/MethodSwizzler (6.5.1):
    - GoogleUtilities/Logger
  - GoogleUtilities/Network (6.5.1):
    - GoogleUtilities/Logger
    - "GoogleUtilities/NSData+zlib"
    - GoogleUtilities/Reachability
  - "GoogleUtilities/NSData+zlib (6.5.1)"
  - GoogleUtilities/Reachability (6.5.1):
    - GoogleUtilities/Logger
  - GoogleUtilities/UserDefaults (6.5.1):
    - GoogleUtilities/Logger
  - GTMAppAuth (1.0.0):
    - AppAuth/Core (~> 1.0)
    - GTMSessionFetcher (~> 1.1)
  - GTMSessionFetcher (1.3.1):
    - GTMSessionFetcher/Full (= 1.3.1)
  - GTMSessionFetcher/Core (1.3.1)
  - GTMSessionFetcher/Full (1.3.1):
    - GTMSessionFetcher/Core (= 1.3.1)
  - leveldb-library (1.22)
  - nanopb (0.3.9011):
    - nanopb/decode (= 0.3.9011)
    - nanopb/encode (= 0.3.9011)
  - nanopb/decode (0.3.9011)
  - nanopb/encode (0.3.9011)
  - PromisesObjC (1.2.8)
  - Protobuf (3.11.3)

DEPENDENCIES:
  - Crashlytics
  - Fabric
  - Firebase/AdMob
  - Firebase/Auth
  - Firebase/Core
  - Firebase/Database
  - Firebase/DynamicLinks
  - Firebase/InAppMessagingDisplay
  - Firebase/RemoteConfig
  - Firebase/Storage
  - GoogleSignIn

SPEC REPOS:
  trunk:
    - AppAuth
    - Crashlytics
    - Fabric
    - Firebase
    - FirebaseABTesting
    - FirebaseAnalytics
    - FirebaseAnalyticsInterop
    - FirebaseAuth
    - FirebaseAuthInterop
    - FirebaseCore
    - FirebaseCoreDiagnostics
    - FirebaseCoreDiagnosticsInterop
    - FirebaseDatabase
    - FirebaseDynamicLinks
    - FirebaseInAppMessaging
    - FirebaseInAppMessagingDisplay
    - FirebaseInstallations
    - FirebaseInstanceID
    - FirebaseRemoteConfig
    - FirebaseStorage
    - Google-Mobile-Ads-SDK
    - GoogleAppMeasurement
    - GoogleDataTransport
    - GoogleDataTransportCCTSupport
    - GoogleSignIn
    - GoogleUtilities
    - GTMAppAuth
    - GTMSessionFetcher
    - leveldb-library
    - nanopb
    - PromisesObjC
    - Protobuf

SPEC CHECKSUMS:
  AppAuth: 73574f3013a1e65b9601a3ddc8b3158cce68c09d
  Crashlytics: 540b7e5f5da5a042647227a5e3ac51d85eed06df
  Fabric: 706c8b8098fff96c33c0db69cbf81f9c551d0d74
  Firebase: 5d77105d9740a07ca6b16927ca971db7e860faaf
  FirebaseABTesting: 0d10f3cdc3fa00f3f175b5b56c1003c8e888299f
  FirebaseAnalytics: e83e64b1231dedcd9ddd4bdecd9bcfd6ba341679
  FirebaseAnalyticsInterop: 3f86269c38ae41f47afeb43ebf32a001f58fcdae
  FirebaseAuth: 5ce2b03a3d7fe56b7a6e4c5ec7ff1522890b1d6f
  FirebaseAuthInterop: 0ffa57668be100582bb7643d4fcb7615496c41fc
  FirebaseCore: 4aeb81ff53dcd9a3634ca725dc1fb8c2a4622046
  FirebaseCoreDiagnostics: 5e78803ab276bc5b50340e3c539c06c3de35c649
  FirebaseCoreDiagnosticsInterop: 296e2c5f5314500a850ad0b83e9e7c10b011a850
  FirebaseDatabase: 0144e0706a4761f1b0e8679572eba8095ddb59be
  FirebaseDynamicLinks: b3338d0c0423ee3d409f5ecc0fb774a9baa6537b
  FirebaseInAppMessaging: 05d3a05e92e07a2a3234083ea6c90898ea48eebf
  FirebaseInAppMessagingDisplay: 60a65c8277f17675a8a5b92e9a97cd914b45d4ff
  FirebaseInstallations: 575cd32f2aec0feeb0e44f5d0110a09e5e60b47b
  FirebaseInstanceID: 031d7d0c8e7b5c030bbeb4d2a690550375e83fec
  FirebaseRemoteConfig: 4890e58b0e33c8328b8c5e8b7a5a237b9d851d8e
  FirebaseStorage: 6c5263796af3b1be82ed173598aade47535fe125
  Google-Mobile-Ads-SDK: 09d1c182f144b456fce626f9234ab4d35397ea10
  GoogleAppMeasurement: a08a43b8677b95ed51fcef880e36737334d804fd
  GoogleDataTransport: 47fe3b8e1673e5187dfd615656a3c5034f150d69
  GoogleDataTransportCCTSupport: 36f69887fd212db6d7ef4dd45ba44523717a434e
  GoogleSignIn: 7137d297ddc022a7e0aa4619c86d72c909fa7213
  GoogleUtilities: 06eb53bb579efe7099152735900dd04bf09e7275
  GTMAppAuth: 4deac854479704f348309e7b66189e604cf5e01e
  GTMSessionFetcher: cea130bbfe5a7edc8d06d3f0d17288c32ffe9925
  leveldb-library: 55d93ee664b4007aac644a782d11da33fba316f7
  nanopb: 18003b5e52dab79db540fe93fe9579f399bd1ccd
  PromisesObjC: c119f3cd559f50b7ae681fa59dc1acd19173b7e6
  Protobuf: 0e94afe3b47cb11876eb6aee296638711a24bf75

PODFILE CHECKSUM: 3614b3cc137a54bd6894c3a7414a68b4795e8545

COCOAPODS: 1.8.4
